
Microsoft Visual Studio Solution File, Format Version 12.00
# Visual Studio Version 17
VisualStudioVersion = 17.8.34309.116
MinimumVisualStudioVersion = 10.0.40219.1
Project("{FAE04EC0-301F-11D3-BF4B-00C04F79EFBC}") = "PasswordStorageApp.WebApi", "PasswordStorageApp.WebApi\PasswordStorageApp.WebApi.csproj", "{3CB619DB-4B33-41F0-A417-94F2C36A15FE}"
EndProject
Global
	GlobalSection(SolutionConfigurationPlatforms) = preSolution
		Debug|Any CPU = Debug|Any CPU
		Release|Any CPU = Release|Any CPU
	EndGlobalSection
	GlobalSection(ProjectConfigurationPlatforms) = postSolution
		{3CB619DB-4B33-41F0-A417-94F2C36A15FE}.Debug|Any CPU.ActiveCfg = Debug|Any CPU
		{3CB619DB-4B33-41F0-A417-94F2C36A15FE}.Debug|Any CPU.Build.0 = Debug|Any CPU
		{3CB619DB-4B33-41F0-A417-94F2C36A15FE}.Release|Any CPU.ActiveCfg = Release|Any CPU
		{3CB619DB-4B33-41F0-A417-94F2C36A15FE}.Release|Any CPU.Build.0 = Release|Any CPU
	EndGlobalSection
	GlobalSection(SolutionProperties) = preSolution
		HideSolutionNode = FALSE
	EndGlobalSection
	GlobalSection(ExtensibilityGlobals) = postSolution
		SolutionGuid = {A6275398-EF30-498E-BBE4-068C7BD01A15}
	EndGlobalSection
EndGlobal
